// !$*UTF8*$!
{
	archiveVersion = 1;
	classes = {
	};
	objectVersion = 77;
	objects = {

/* Begin PBXContainerItemProxy section */
		6EC426292ED4AFAF00958E4E /* PBXContainerItemProxy */ = {
			isa = PBXContainerItemProxy;
			containerPortal = 6EC426132ED4AFAD00958E4E /* Project object */;
			proxyType = 1;
			remoteGlobalIDString = 6EC4261A2ED4AFAD00958E4E;
			remoteInfo = "swiftui-bar-chart";
		};
		6EC426332ED4AFAF00958E4E /* PBXContainerItemProxy */ = {
			isa = PBXContainerItemProxy;
			containerPortal = 6EC426132ED4AFAD00958E4E /* Project object */;
			proxyType = 1;
			remoteGlobalIDString = 6EC4261A2ED4AFAD00958E4E;
			remoteInfo = "swiftui-bar-chart";
		};
/* End PBXContainerItemProxy section */

/* Begin PBXFileReference section */
		6EC4261B2ED4AFAD00958E4E /* swiftui-bar-chart.app */ = {isa = PBXFileReference; explicitFileType = wrapper.application; includeInIndex = 0; path = "swiftui-bar-chart.app"; sourceTree = BUILT_PRODUCTS_DIR; };
		6EC426282ED4AFAF00958E4E /* swiftui-bar-chartTests.xctest */ = {isa = PBXFileReference; explicitFileType = wrapper.cfbundle; includeInIndex = 0; path = "swiftui-bar-chartTests.xctest"; sourceTree = BUILT_PRODUCTS_DIR; };
		6EC426322ED4AFAF00958E4E /* swiftui-bar-chartUITests.xctest */ = {isa = PBXFileReference; explicitFileType = wrapper.cfbundle; includeInIndex = 0; path = "swiftui-bar-chartUITests.xctest"; sourceTree = BUILT_PRODUCTS_DIR; };
/* End PBXFileReference section */

/* Begin PBXFileSystemSynchronizedRootGroup section */
		6EC4261D2ED4AFAD00958E4E /* swiftui-bar-chart */ = {
			isa = PBXFileSystemSynchronizedRootGroup;
			path = "swiftui-bar-chart";
			sourceTree = "<group>";
		};
		6EC4262B2ED4AFAF00958E4E /* swiftui-bar-chartTests */ = {
			isa = PBXFileSystemSynchronizedRootGroup;
			path = "swiftui-bar-chartTests";
			sourceTree = "<group>";
		};
		6EC426352ED4AFAF00958E4E /* swiftui-bar-chartUITests */ = {
			isa = PBXFileSystemSynchronizedRootGroup;
			path = "swiftui-bar-chartUITests";
			sourceTree = "<group>";
		};
/* End PBXFileSystemSynchronizedRootGroup section */

/* Begin PBXFrameworksBuildPhase section */
		6EC426182ED4AFAD00958E4E /* Frameworks */ = {
			isa = PBXFrameworksBuildPhase;
			buildActionMask = 2147483647;
			files = (
			);
			runOnlyForDeploymentPostprocessing = 0;
		};
		6EC426252ED4AFAF00958E4E /* Frameworks */ = {
			isa = PBXFrameworksBuildPhase;
			buildActionMask = 2147483647;
			files = (
			);
			runOnlyForDeploymentPostprocessing = 0;
		};
		6EC4262F2ED4AFAF00958E4E /* Frameworks */ = {
			isa = PBXFrameworksBuildPhase;
			buildActionMask = 2147483647;
			files = (
			);
			runOnlyForDeploymentPostprocessing = 0;
		};
/* End PBXFrameworksBuildPhase section */

/* Begin PBXGroup section */
		6EC426122ED4AFAD00958E4E = {
			isa = PBXGroup;
			children = (
				6EC4261D2ED4AFAD00958E4E /* swiftui-bar-chart */,
				6EC4262B2ED4AFAF00958E4E /* swiftui-bar-chartTests */,
				6EC426352ED4AFAF00958E4E /* swiftui-bar-chartUITests */,
				6EC4261C2ED4AFAD00958E4E /* Products */,
			);
			sourceTree = "<group>";
		};
		6EC4261C2ED4AFAD00958E4E /* Products */ = {
			isa = PBXGroup;
			children = (
				6EC4261B2ED4AFAD00958E4E /* swiftui-bar-chart.app */,
				6EC426282ED4AFAF00958E4E /* swiftui-bar-chartTests.xctest */,
				6EC426322ED4AFAF00958E4E /* swiftui-bar-chartUITests.xctest */,
			);
			name = Products;
			sourceTree = "<group>";
		};
/* End PBXGroup section */

/* Begin PBXNativeTarget section */
		6EC4261A2ED4AFAD00958E4E /* swiftui-bar-chart */ = {
			isa = PBXNativeTarget;
			buildConfigurationList = 6EC4263C2ED4AFAF00958E4E /* Build configuration list for PBXNativeTarget "swiftui-bar-chart" */;
			buildPhases = (
				6EC426172ED4AFAD00958E4E /* Sources */,
				6EC426182ED4AFAD00958E4E /* Frameworks */,
				6EC426192ED4AFAD00958E4E /* Resources */,
			);
			buildRules = (
			);
			dependencies = (
			);
			fileSystemSynchronizedGroups = (
				6EC4261D2ED4AFAD00958E4E /* swiftui-bar-chart */,
			);
			name = "swiftui-bar-chart";
			packageProductDependencies = (
			);
			productName = "swiftui-bar-chart";
			productReference = 6EC4261B2ED4AFAD00958E4E /* swiftui-bar-chart.app */;
			productType = "com.apple.product-type.application";
		};
		6EC426272ED4AFAF00958E4E /* swiftui-bar-chartTests */ = {
			isa = PBXNativeTarget;
			buildConfigurationList = 6EC4263F2ED4AFAF00958E4E /* Build configuration list for PBXNativeTarget "swiftui-bar-chartTests" */;
			buildPhases = (
				6EC426242ED4AFAF00958E4E /* Sources */,
				6EC426252ED4AFAF00958E4E /* Frameworks */,
				6EC426262ED4AFAF00958E4E /* Resources */,
			);
			buildRules = (
			);
			dependencies = (
				6EC4262A2ED4AFAF00958E4E /* PBXTargetDependency */,
			);
			fileSystemSynchronizedGroups = (
				6EC4262B2ED4AFAF00958E4E /* swiftui-bar-chartTests */,
			);
			name = "swiftui-bar-chartTests";
			packageProductDependencies = (
			);
			productName = "swiftui-bar-chartTests";
			productReference = 6EC426282ED4AFAF00958E4E /* swiftui-bar-chartTests.xctest */;
			productType = "com.apple.product-type.bundle.unit-test";
		};
		6EC426312ED4AFAF00958E4E /* swiftui-bar-chartUITests */ = {
			isa = PBXNativeTarget;
			buildConfigurationList = 6EC426422ED4AFAF00958E4E /* Build configuration list for PBXNativeTarget "swiftui-bar-chartUITests" */;
			buildPhases = (
				6EC4262E2ED4AFAF00958E4E /* Sources */,
				6EC4262F2ED4AFAF00958E4E /* Frameworks */,
				6EC426302ED4AFAF00958E4E /* Resources */,
			);
			buildRules = (
			);
			dependencies = (
				6EC426342ED4AFAF00958E4E /* PBXTargetDependency */,
			);
			fileSystemSynchronizedGroups = (
				6EC426352ED4AFAF00958E4E /* swiftui-bar-chartUITests */,
			);
			name = "swiftui-bar-chartUITests";
			packageProductDependencies = (
			);
			productName = "swiftui-bar-chartUITests";
			productReference = 6EC426322ED4AFAF00958E4E /* swiftui-bar-chartUITests.xctest */;
			productType = "com.apple.product-type.bundle.ui-testing";
		};
/* End PBXNativeTarget section */

/* Begin PBXProject section */
		6EC426132ED4AFAD00958E4E /* Project object */ = {
			isa = PBXProject;
			attributes = {
				BuildIndependentTargetsInParallel = 1;
				LastSwiftUpdateCheck = 2600;
				LastUpgradeCheck = 2600;
				TargetAttributes = {
					6EC4261A2ED4AFAD00958E4E = {
						CreatedOnToolsVersion = 26.0.1;
					};
					6EC426272ED4AFAF00958E4E = {
						CreatedOnToolsVersion = 26.0.1;
						TestTargetID = 6EC4261A2ED4AFAD00958E4E;
					};
					6EC426312ED4AFAF00958E4E = {
						CreatedOnToolsVersion = 26.0.1;
						TestTargetID = 6EC4261A2ED4AFAD00958E4E;
					};
				};
			};
			buildConfigurationList = 6EC426162ED4AFAD00958E4E /* Build configuration list for PBXProject "swiftui-bar-chart" */;
			developmentRegion = en;
			hasScannedForEncodings = 0;
			knownRegions = (
				en,
				Base,
			);
			mainGroup = 6EC426122ED4AFAD00958E4E;
			minimizedProjectReferenceProxies = 1;
			preferredProjectObjectVersion = 77;
			productRefGroup = 6EC4261C2ED4AFAD00958E4E /* Products */;
			projectDirPath = "";
			projectRoot = "";
			targets = (
				6EC4261A2ED4AFAD00958E4E /* swiftui-bar-chart */,
				6EC426272ED4AFAF00958E4E /* swiftui-bar-chartTests */,
				6EC426312ED4AFAF00958E4E /* swiftui-bar-chartUITests */,
			);
		};
/* End PBXProject section */

/* Begin PBXResourcesBuildPhase section */
		6EC426192ED4AFAD00958E4E /* Resources */ = {
			isa = PBXResourcesBuildPhase;
			buildActionMask = 2147483647;
			files = (
			);
			runOnlyForDeploymentPostprocessing = 0;
		};
		6EC426262ED4AFAF00958E4E /* Resources */ = {
			isa = PBXResourcesBuildPhase;
			buildActionMask = 2147483647;
			files = (
			);
			runOnlyForDeploymentPostprocessing = 0;
		};
		6EC426302ED4AFAF00958E4E /* Resources */ = {
			isa = PBXResourcesBuildPhase;
			buildActionMask = 2147483647;
			files = (
			);
			runOnlyForDeploymentPostprocessing = 0;
		};
/* End PBXResourcesBuildPhase section */

/* Begin PBXSourcesBuildPhase section */
		6EC426172ED4AFAD00958E4E /* Sources */ = {
			isa = PBXSourcesBuildPhase;
			buildActionMask = 2147483647;
			files = (
			);
			runOnlyForDeploymentPostprocessing = 0;
		};
		6EC426242ED4AFAF00958E4E /* Sources */ = {
			isa = PBXSourcesBuildPhase;
			buildActionMask = 2147483647;
			files = (
			);
			runOnlyForDeploymentPostprocessing = 0;
		};
		6EC4262E2ED4AFAF00958E4E /* Sources */ = {
			isa = PBXSourcesBuildPhase;
			buildActionMask = 2147483647;
			files = (
			);
			runOnlyForDeploymentPostprocessing = 0;
		};
/* End PBXSourcesBuildPhase section */

/* Begin PBXTargetDependency section */
		6EC4262A2ED4AFAF00958E4E /* PBXTargetDependency */ = {
			isa = PBXTargetDependency;
			target = 6EC4261A2ED4AFAD00958E4E /* swiftui-bar-chart */;
			targetProxy = 6EC426292ED4AFAF00958E4E /* PBXContainerItemProxy */;
		};
		6EC426342ED4AFAF00958E4E /* PBXTargetDependency */ = {
			isa = PBXTargetDependency;
			target = 6EC4261A2ED4AFAD00958E4E /* swiftui-bar-chart */;
			targetProxy = 6EC426332ED4AFAF00958E4E /* PBXContainerItemProxy */;
		};
/* End PBXTargetDependency section */

/* Begin XCBuildConfiguration section */
		6EC4263A2ED4AFAF00958E4E /* Debug */ = {
			isa = XCBuildConfiguration;
			buildSettings = {
				ALWAYS_SEARCH_USER_PATHS = NO;
				ASSETCATALOG_COMPILER_GENERATE_SWIFT_ASSET_SYMBOL_EXTENSIONS = YES;
				CLANG_ANALYZER_NONNULL = YES;
				CLANG_ANALYZER_NUMBER_OBJECT_CONVERSION = YES_AGGRESSIVE;
				CLANG_CXX_LANGUAGE_STANDARD = "gnu++20";
				CLANG_ENABLE_MODULES = YES;
				CLANG_ENABLE_OBJC_ARC = YES;
				CLANG_ENABLE_OBJC_WEAK = YES;
				CLANG_WARN_BLOCK_CAPTURE_AUTORELEASING = YES;
				CLANG_WARN_BOOL_CONVERSION = YES;
				CLANG_WARN_COMMA = YES;
				CLANG_WARN_CONSTANT_CONVERSION = YES;
				CLANG_WARN_DEPRECATED_OBJC_IMPLEMENTATIONS = YES;
				CLANG_WARN_DIRECT_OBJC_ISA_USAGE = YES_ERROR;
				CLANG_WARN_DOCUMENTATION_COMMENTS = YES;
				CLANG_WARN_EMPTY_BODY = YES;
				CLANG_WARN_ENUM_CONVERSION = YES;
				CLANG_WARN_INFINITE_RECURSION = YES;
				CLANG_WARN_INT_CONVERSION = YES;
				CLANG_WARN_NON_LITERAL_NULL_CONVERSION = YES;
				CLANG_WARN_OBJC_IMPLICIT_RETAIN_SELF = YES;
				CLANG_WARN_OBJC_LITERAL_CONVERSION = YES;
				CLANG_WARN_OBJC_ROOT_CLASS = YES_ERROR;
				CLANG_WARN_QUOTED_INCLUDE_IN_FRAMEWORK_HEADER = YES;
				CLANG_WARN_RANGE_LOOP_ANALYSIS = YES;
				CLANG_WARN_STRICT_PROTOTYPES = YES;
				CLANG_WARN_SUSPICIOUS_MOVE = YES;
				CLANG_WARN_UNGUARDED_AVAILABILITY = YES_AGGRESSIVE;
				CLANG_WARN_UNREACHABLE_CODE = YES;
				CLANG_WARN__DUPLICATE_METHOD_MATCH = YES;
				COPY_PHASE_STRIP = NO;
				DEBUG_INFORMATION_FORMAT = dwarf;
				ENABLE_STRICT_OBJC_MSGSEND = YES;
				ENABLE_TESTABILITY = YES;
				ENABLE_USER_SCRIPT_SANDBOXING = YES;
				GCC_C_LANGUAGE_STANDARD = gnu17;
				GCC_DYNAMIC_NO_PIC = NO;
				GCC_NO_COMMON_BLOCKS = YES;
				GCC_OPTIMIZATION_LEVEL = 0;
				GCC_PREPROCESSOR_DEFINITIONS = (
					"DEBUG=1",
					"$(inherited)",
				);
				GCC_WARN_64_TO_32_BIT_CONVERSION = YES;
				GCC_WARN_ABOUT_RETURN_TYPE = YES_ERROR;
				GCC_WARN_UNDECLARED_SELECTOR = YES;
				GCC_WARN_UNINITIALIZED_AUTOS = YES_AGGRESSIVE;
				GCC_WARN_UNUSED_FUNCTION = YES;
				GCC_WARN_UNUSED_VARIABLE = YES;
				IPHONEOS_DEPLOYMENT_TARGET = 26.0;
				LOCALIZATION_PREFERS_STRING_CATALOGS = YES;
				MTL_ENABLE_DEBUG_INFO = INCLUDE_SOURCE;
				MTL_FAST_MATH = YES;
				ONLY_ACTIVE_ARCH = YES;
				SDKROOT = iphoneos;
				SWIFT_ACTIVE_COMPILATION_CONDITIONS = "DEBUG $(inherited)";
				SWIFT_OPTIMIZATION_LEVEL = "-Onone";
			};
			name = Debug;
		};
		6EC4263B2ED4AFAF00958E4E /* Release */ = {
			isa = XCBuildConfiguration;
			buildSettings = {
				ALWAYS_SEARCH_USER_PATHS = NO;
				ASSETCATALOG_COMPILER_GENERATE_SWIFT_ASSET_SYMBOL_EXTENSIONS = YES;
				CLANG_ANALYZER_NONNULL = YES;
				CLANG_ANALYZER_NUMBER_OBJECT_CONVERSION = YES_AGGRESSIVE;
				CLANG_CXX_LANGUAGE_STANDARD = "gnu++20";
				CLANG_ENABLE_MODULES = YES;
				CLANG_ENABLE_OBJC_ARC = YES;
				CLANG_ENABLE_OBJC_WEAK = YES;
				CLANG_WARN_BLOCK_CAPTURE_AUTORELEASING = YES;
				CLANG_WARN_BOOL_CONVERSION = YES;
				CLANG_WARN_COMMA = YES;
				CLANG_WARN_CONSTANT_CONVERSION = YES;
				CLANG_WARN_DEPRECATED_OBJC_IMPLEMENTATIONS = YES;
				CLANG_WARN_DIRECT_OBJC_ISA_USAGE = YES_ERROR;
				CLANG_WARN_DOCUMENTATION_COMMENTS = YES;
				CLANG_WARN_EMPTY_BODY = YES;
				CLANG_WARN_ENUM_CONVERSION = YES;
				CLANG_WARN_INFINITE_RECURSION = YES;
				CLANG_WARN_INT_CONVERSION = YES;
				CLANG_WARN_NON_LITERAL_NULL_CONVERSION = YES;
				CLANG_WARN_OBJC_IMPLICIT_RETAIN_SELF = YES;
				CLANG_WARN_OBJC_LITERAL_CONVERSION = YES;
				CLANG_WARN_OBJC_ROOT_CLASS = YES_ERROR;
				CLANG_WARN_QUOTED_INCLUDE_IN_FRAMEWORK_HEADER = YES;
				CLANG_WARN_RANGE_LOOP_ANALYSIS = YES;
				CLANG_WARN_STRICT_PROTOTYPES = YES;
				CLANG_WARN_SUSPICIOUS_MOVE = YES;
				CLANG_WARN_UNGUARDED_AVAILABILITY = YES_AGGRESSIVE;
				CLANG_WARN_UNREACHABLE_CODE = YES;
				CLANG_WARN__DUPLICATE_METHOD_MATCH = YES;
				COPY_PHASE_STRIP = NO;
				DEBUG_INFORMATION_FORMAT = "dwarf-with-dsym";
				ENABLE_NS_ASSERTIONS = NO;
				ENABLE_STRICT_OBJC_MSGSEND = YES;
				ENABLE_USER_SCRIPT_SANDBOXING = YES;
				GCC_C_LANGUAGE_STANDARD = gnu17;
				GCC_NO_COMMON_BLOCKS = YES;
				GCC_WARN_64_TO_32_BIT_CONVERSION = YES;
				GCC_WARN_ABOUT_RETURN_TYPE = YES_ERROR;
				GCC_WARN_UNDECLARED_SELECTOR = YES;
				GCC_WARN_UNINITIALIZED_AUTOS = YES_AGGRESSIVE;
				GCC_WARN_UNUSED_FUNCTION = YES;
				GCC_WARN_UNUSED_VARIABLE = YES;
				IPHONEOS_DEPLOYMENT_TARGET = 26.0;
				LOCALIZATION_PREFERS_STRING_CATALOGS = YES;
				MTL_ENABLE_DEBUG_INFO = NO;
				MTL_FAST_MATH = YES;
				SDKROOT = iphoneos;
				SWIFT_COMPILATION_MODE = wholemodule;
				VALIDATE_PRODUCT = YES;
			};
			name = Release;
		};
		6EC4263D2ED4AFAF00958E4E /* Debug */ = {
			isa = XCBuildConfiguration;
			buildSettings = {
				ASSETCATALOG_COMPILER_APPICON_NAME = AppIcon;
				ASSETCATALOG_COMPILER_GLOBAL_ACCENT_COLOR_NAME = AccentColor;
				CODE_SIGN_STYLE = Automatic;
				CURRENT_PROJECT_VERSION = 1;
				ENABLE_PREVIEWS = YES;
				GENERATE_INFOPLIST_FILE = YES;
				INFOPLIST_KEY_UIApplicationSceneManifest_Generation = YES;
				INFOPLIST_KEY_UIApplicationSupportsIndirectInputEvents = YES;
				INFOPLIST_KEY_UILaunchScreen_Generation = YES;
				INFOPLIST_KEY_UISupportedInterfaceOrientations_iPad = "UIInterfaceOrientationPortrait UIInterfaceOrientationPortraitUpsideDown UIInterfaceOrientationLandscapeLeft UIInterfaceOrientationLandscapeRight";
				INFOPLIST_KEY_UISupportedInterfaceOrientations_iPhone = "UIInterfaceOrientationPortrait UIInterfaceOrientationLandscapeLeft UIInterfaceOrientationLandscapeRight";
				LD_RUNPATH_SEARCH_PATHS = (
					"$(inherited)",
					"@executable_path/Frameworks",
				);
				MARKETING_VERSION = 1.0;
				PRODUCT_BUNDLE_IDENTIFIER = "test.swiftui-bar-chart";
				PRODUCT_NAME = "$(TARGET_NAME)";
				STRING_CATALOG_GENERATE_SYMBOLS = YES;
				SWIFT_APPROACHABLE_CONCURRENCY = YES;
				SWIFT_DEFAULT_ACTOR_ISOLATION = MainActor;
				SWIFT_EMIT_LOC_STRINGS = YES;
				SWIFT_UPCOMING_FEATURE_MEMBER_IMPORT_VISIBILITY = YES;
				SWIFT_VERSION = 5.0;
				TARGETED_DEVICE_FAMILY = "1,2";
			};
			name = Debug;
		};
		6EC4263E2ED4AFAF00958E4E /* Release */ = {
			isa = XCBuildConfiguration;
			buildSettings = {
				ASSETCATALOG_COMPILER_APPICON_NAME = AppIcon;
				ASSETCATALOG_COMPILER_GLOBAL_ACCENT_COLOR_NAME = AccentColor;
				CODE_SIGN_STYLE = Automatic;
				CURRENT_PROJECT_VERSION = 1;
				ENABLE_PREVIEWS = YES;
				GENERATE_INFOPLIST_FILE = YES;
				INFOPLIST_KEY_UIApplicationSceneManifest_Generation = YES;
				INFOPLIST_KEY_UIApplicationSupportsIndirectInputEvents = YES;
				INFOPLIST_KEY_UILaunchScreen_Generation = YES;
				INFOPLIST_KEY_UISupportedInterfaceOrientations_iPad = "UIInterfaceOrientationPortrait UIInterfaceOrientationPortraitUpsideDown UIInterfaceOrientationLandscapeLeft UIInterfaceOrientationLandscapeRight";
				INFOPLIST_KEY_UISupportedInterfaceOrientations_iPhone = "UIInterfaceOrientationPortrait UIInterfaceOrientationLandscapeLeft UIInterfaceOrientationLandscapeRight";
				LD_RUNPATH_SEARCH_PATHS = (
					"$(inherited)",
					"@executable_path/Frameworks",
				);
				MARKETING_VERSION = 1.0;
				PRODUCT_BUNDLE_IDENTIFIER = "test.swiftui-bar-chart";
				PRODUCT_NAME = "$(TARGET_NAME)";
				STRING_CATALOG_GENERATE_SYMBOLS = YES;
				SWIFT_APPROACHABLE_CONCURRENCY = YES;
				SWIFT_DEFAULT_ACTOR_ISOLATION = MainActor;
				SWIFT_EMIT_LOC_STRINGS = YES;
				SWIFT_UPCOMING_FEATURE_MEMBER_IMPORT_VISIBILITY = YES;
				SWIFT_VERSION = 5.0;
				TARGETED_DEVICE_FAMILY = "1,2";
			};
			name = Release;
		};
		6EC426402ED4AFAF00958E4E /* Debug */ = {
			isa = XCBuildConfiguration;
			buildSettings = {
				BUNDLE_LOADER = "$(TEST_HOST)";
				CODE_SIGN_STYLE = Automatic;
				CURRENT_PROJECT_VERSION = 1;
				GENERATE_INFOPLIST_FILE = YES;
				IPHONEOS_DEPLOYMENT_TARGET = 26.0;
				MARKETING_VERSION = 1.0;
				PRODUCT_BUNDLE_IDENTIFIER = "test.swiftui-bar-chartTests";
				PRODUCT_NAME = "$(TARGET_NAME)";
				STRING_CATALOG_GENERATE_SYMBOLS = NO;
				SWIFT_APPROACHABLE_CONCURRENCY = YES;
				SWIFT_EMIT_LOC_STRINGS = NO;
				SWIFT_UPCOMING_FEATURE_MEMBER_IMPORT_VISIBILITY = YES;
				SWIFT_VERSION = 5.0;
				TARGETED_DEVICE_FAMILY = "1,2";
				TEST_HOST = "$(BUILT_PRODUCTS_DIR)/swiftui-bar-chart.app/$(BUNDLE_EXECUTABLE_FOLDER_PATH)/swiftui-bar-chart";
			};
			name = Debug;
		};
		6EC426412ED4AFAF00958E4E /* Release */ = {
			isa = XCBuildConfiguration;
			buildSettings = {
				BUNDLE_LOADER = "$(TEST_HOST)";
				CODE_SIGN_STYLE = Automatic;
				CURRENT_PROJECT_VERSION = 1;
				GENERATE_INFOPLIST_FILE = YES;
				IPHONEOS_DEPLOYMENT_TARGET = 26.0;
				MARKETING_VERSION = 1.0;
				PRODUCT_BUNDLE_IDENTIFIER = "test.swiftui-bar-chartTests";
				PRODUCT_NAME = "$(TARGET_NAME)";
				STRING_CATALOG_GENERATE_SYMBOLS = NO;
				SWIFT_APPROACHABLE_CONCURRENCY = YES;
				SWIFT_EMIT_LOC_STRINGS = NO;
				SWIFT_UPCOMING_FEATURE_MEMBER_IMPORT_VISIBILITY = YES;
				SWIFT_VERSION = 5.0;
				TARGETED_DEVICE_FAMILY = "1,2";
				TEST_HOST = "$(BUILT_PRODUCTS_DIR)/swiftui-bar-chart.app/$(BUNDLE_EXECUTABLE_FOLDER_PATH)/swiftui-bar-chart";
			};
			name = Release;
		};
		6EC426432ED4AFAF00958E4E /* Debug */ = {
			isa = XCBuildConfiguration;
			buildSettings = {
				CODE_SIGN_STYLE = Automatic;
				CURRENT_PROJECT_VERSION = 1;
				GENERATE_INFOPLIST_FILE = YES;
				MARKETING_VERSION = 1.0;
				PRODUCT_BUNDLE_IDENTIFIER = "test.swiftui-bar-chartUITests";
				PRODUCT_NAME = "$(TARGET_NAME)";
				STRING_CATALOG_GENERATE_SYMBOLS = NO;
				SWIFT_APPROACHABLE_CONCURRENCY = YES;
				SWIFT_EMIT_LOC_STRINGS = NO;
				SWIFT_UPCOMING_FEATURE_MEMBER_IMPORT_VISIBILITY = YES;
				SWIFT_VERSION = 5.0;
				TARGETED_DEVICE_FAMILY = "1,2";
				TEST_TARGET_NAME = "swiftui-bar-chart";
			};
			name = Debug;
		};
		6EC426442ED4AFAF00958E4E /* Release */ = {
			isa = XCBuildConfiguration;
			buildSettings = {
				CODE_SIGN_STYLE = Automatic;
				CURRENT_PROJECT_VERSION = 1;
				GENERATE_INFOPLIST_FILE = YES;
				MARKETING_VERSION = 1.0;
				PRODUCT_BUNDLE_IDENTIFIER = "test.swiftui-bar-chartUITests";
				PRODUCT_NAME = "$(TARGET_NAME)";
				STRING_CATALOG_GENERATE_SYMBOLS = NO;
				SWIFT_APPROACHABLE_CONCURRENCY = YES;
				SWIFT_EMIT_LOC_STRINGS = NO;
				SWIFT_UPCOMING_FEATURE_MEMBER_IMPORT_VISIBILITY = YES;
				SWIFT_VERSION = 5.0;
				TARGETED_DEVICE_FAMILY = "1,2";
				TEST_TARGET_NAME = "swiftui-bar-chart";
			};
			name = Release;
		};
/* End XCBuildConfiguration section */

/* Begin XCConfigurationList section */
		6EC426162ED4AFAD00958E4E /* Build configuration list for PBXProject "swiftui-bar-chart" */ = {
			isa = XCConfigurationList;
			buildConfigurations = (
				6EC4263A2ED4AFAF00958E4E /* Debug */,
				6EC4263B2ED4AFAF00958E4E /* Release */,
			);
			defaultConfigurationIsVisible = 0;
			defaultConfigurationName = Release;
		};
		6EC4263C2ED4AFAF00958E4E /* Build configuration list for PBXNativeTarget "swiftui-bar-chart" */ = {
			isa = XCConfigurationList;
			buildConfigurations = (
				6EC4263D2ED4AFAF00958E4E /* Debug */,
				6EC4263E2ED4AFAF00958E4E /* Release */,
			);
			defaultConfigurationIsVisible = 0;
			defaultConfigurationName = Release;
		};
		6EC4263F2ED4AFAF00958E4E /* Build configuration list for PBXNativeTarget "swiftui-bar-chartTests" */ = {
			isa = XCConfigurationList;
			buildConfigurations = (
				6EC426402ED4AFAF00958E4E /* Debug */,
				6EC426412ED4AFAF00958E4E /* Release */,
			);
			defaultConfigurationIsVisible = 0;
			defaultConfigurationName = Release;
		};
		6EC426422ED4AFAF00958E4E /* Build configuration list for PBXNativeTarget "swiftui-bar-chartUITests" */ = {
			isa = XCConfigurationList;
			buildConfigurations = (
				6EC426432ED4AFAF00958E4E /* Debug */,
				6EC426442ED4AFAF00958E4E /* Release */,
			);
			defaultConfigurationIsVisible = 0;
			defaultConfigurationName = Release;
		};
/* End XCConfigurationList section */
	};
	rootObject = 6EC426132ED4AFAD00958E4E /* Project object */;
}
